# THIS IS AN AUTOGENERATED FILE. DO NOT EDIT THIS FILE DIRECTLY.
# yarn lockfile v1


dotenv@^11.0.0:
  version "11.0.0"
  resolved "https://registry.yarnpkg.com/dotenv/-/dotenv-11.0.0.tgz#ee37feddf8ada6d348a79e198312d4a8abfd1c1e"
  integrity sha512-Fp/b504Y5W+e+FpCxTFMUZ7ZEQkQYF0rx+KZtmwixJxGQbLHrhCwo3FjZgNC8vIfrSi29PABNbMoCGD9YoiXbQ==
